Microsoft Visual Studio Solution File, Format Version 12.00
# Visual Studio 2012
Project("{FAE04EC0-301F-11D3-BF4B-00C04F79EFBC}") = "The Clicking Hour", "The Clicking Hour.csproj", "{F567CAB0-42EB-4A8B-B291-9FFFD7C0B3EB}"
EndProject
Global
	GlobalSection(SolutionConfigurationPlatforms) = preSolution
	Debug|Any CPU = Debug|Any CPU
	ExportDebug|Any CPU = ExportDebug|Any CPU
	ExportRelease|Any CPU = ExportRelease|Any CPU
	EndGlobalSection
	GlobalSection(ProjectConfigurationPlatforms) = postSolution
		{F567CAB0-42EB-4A8B-B291-9FFFD7C0B3EB}.Debug|Any CPU.ActiveCfg = Debug|Any CPU
		{F567CAB0-42EB-4A8B-B291-9FFFD7C0B3EB}.Debug|Any CPU.Build.0 = Debug|Any CPU
		{F567CAB0-42EB-4A8B-B291-9FFFD7C0B3EB}.ExportDebug|Any CPU.ActiveCfg = ExportDebug|Any CPU
		{F567CAB0-42EB-4A8B-B291-9FFFD7C0B3EB}.ExportDebug|Any CPU.Build.0 = ExportDebug|Any CPU
		{F567CAB0-42EB-4A8B-B291-9FFFD7C0B3EB}.ExportRelease|Any CPU.ActiveCfg = ExportRelease|Any CPU
		{F567CAB0-42EB-4A8B-B291-9FFFD7C0B3EB}.ExportRelease|Any CPU.Build.0 = ExportRelease|Any CPU
	EndGlobalSection
EndGlobal
